
Microsoft Visual Studio Solution File, Format Version 12.00
# Visual Studio 14
VisualStudioVersion = 14.0.25420.1
MinimumVisualStudioVersion = 10.0.40219.1
Project("{FAE04EC0-301F-11D3-BF4B-00C04F79EFBC}") = "SurveillanceMonitor", "SurveillanceMonitor\SurveillanceMonitor.csproj", "{B6A5CD88-8141-4160-9B0C-12584870B955}"
EndProject
Project("{FAE04EC0-301F-11D3-BF4B-00C04F79EFBC}") = "SurveillanceMonitor.Tests", "SurveillanceMonitor.Tests\SurveillanceMonitor.Tests.csproj", "{D370732B-3701-4276-AAB3-1C4C6D049195}"
EndProject
Global
	GlobalSection(SolutionConfigurationPlatforms) = preSolution
		Debug|Any CPU = Debug|Any CPU
		Release|Any CPU = Release|Any CPU
	EndGlobalSection
	GlobalSection(ProjectConfigurationPlatforms) = postSolution
		{B6A5CD88-8141-4160-9B0C-12584870B955}.Debug|Any CPU.ActiveCfg = Debug|Any CPU
		{B6A5CD88-8141-4160-9B0C-12584870B955}.Debug|Any CPU.Build.0 = Debug|Any CPU
		{B6A5CD88-8141-4160-9B0C-12584870B955}.Release|Any CPU.ActiveCfg = Release|Any CPU
		{B6A5CD88-8141-4160-9B0C-12584870B955}.Release|Any CPU.Build.0 = Release|Any CPU
		{D370732B-3701-4276-AAB3-1C4C6D049195}.Debug|Any CPU.ActiveCfg = Debug|Any CPU
		{D370732B-3701-4276-AAB3-1C4C6D049195}.Debug|Any CPU.Build.0 = Debug|Any CPU
		{D370732B-3701-4276-AAB3-1C4C6D049195}.Release|Any CPU.ActiveCfg = Release|Any CPU
		{D370732B-3701-4276-AAB3-1C4C6D049195}.Release|Any CPU.Build.0 = Release|Any CPU
	EndGlobalSection
	GlobalSection(SolutionProperties) = preSolution
		HideSolutionNode = FALSE
	EndGlobalSection
EndGlobal
